Microsoft Visual Studio Solution File, Format Version 11.00
# Visual Studio 2008

Project("{05CCC15F-D54D-2682-7AC1-6CF9F38AA548}") = "Hexagon Hackathon", "Assembly-CSharp.csproj", "{37B6E98F-13FB-AC64-80FB-4F4D8FD7F4AD}"
EndProject
Global
	GlobalSection(SolutionConfigurationPlatforms) = preSolution
		Debug|Any CPU = Debug|Any CPU
		Release|Any CPU = Release|Any CPU
	EndGlobalSection
	GlobalSection(ProjectConfigurationPlatforms) = postSolution
		{37B6E98F-13FB-AC64-80FB-4F4D8FD7F4AD}.Debug|Any CPU.ActiveCfg = Debug|Any CPU
		{37B6E98F-13FB-AC64-80FB-4F4D8FD7F4AD}.Debug|Any CPU.Build.0 = Debug|Any CPU
		{37B6E98F-13FB-AC64-80FB-4F4D8FD7F4AD}.Release|Any CPU.ActiveCfg = Release|Any CPU
		{37B6E98F-13FB-AC64-80FB-4F4D8FD7F4AD}.Release|Any CPU.Build.0 = Release|Any CPU
	EndGlobalSection
	GlobalSection(SolutionProperties) = preSolution
		HideSolutionNode = FALSE
	EndGlobalSection
	GlobalSection(MonoDevelopProperties) = preSolution
		StartupItem = Assembly-CSharp.csproj
	EndGlobalSection
EndGlobal
